
Microsoft Visual Studio Solution File, Format Version 12.00
# Visual Studio 15
VisualStudioVersion = 15.0.27004.2005
MinimumVisualStudioVersion = 10.0.40219.1
Project("{9A19103F-16F7-4668-BE54-9A1E7A4F7556}") = "AWSLambdaWorkflow", "AWSLambdaWorkflow\AWSLambdaWorkflow.csproj", "{E27F0B4A-D9D8-41A7-8330-2C9535985A72}"
EndProject
Project("{9A19103F-16F7-4668-BE54-9A1E7A4F7556}") = "AWSLambdaWorkflow.Tests", "AWSLambdaWorkflow.Tests\AWSLambdaWorkflow.Tests.csproj", "{D90240B6-5F12-4E6C-B024-4FD0A21A57DF}"
EndProject
Project("{9A19103F-16F7-4668-BE54-9A1E7A4F7556}") = "iPromo.Web", "iPromo.Web\iPromo.Web.csproj", "{963BCD8C-CC45-46D5-834B-3B85D7432839}"
EndProject
Project("{9A19103F-16F7-4668-BE54-9A1E7A4F7556}") = "iPromo.Entities", "iPromo.Entities\iPromo.Entities.csproj", "{C4748DDA-AA64-4285-B978-B25E800663B8}"
EndProject
Global
	GlobalSection(SolutionConfigurationPlatforms) = preSolution
		Debug|Any CPU = Debug|Any CPU
		Release|Any CPU = Release|Any CPU
	EndGlobalSection
	GlobalSection(ProjectConfigurationPlatforms) = postSolution
		{E27F0B4A-D9D8-41A7-8330-2C9535985A72}.Debug|Any CPU.ActiveCfg = Debug|Any CPU
		{E27F0B4A-D9D8-41A7-8330-2C9535985A72}.Debug|Any CPU.Build.0 = Debug|Any CPU
		{E27F0B4A-D9D8-41A7-8330-2C9535985A72}.Release|Any CPU.ActiveCfg = Release|Any CPU
		{E27F0B4A-D9D8-41A7-8330-2C9535985A72}.Release|Any CPU.Build.0 = Release|Any CPU
		{D90240B6-5F12-4E6C-B024-4FD0A21A57DF}.Debug|Any CPU.ActiveCfg = Debug|Any CPU
		{D90240B6-5F12-4E6C-B024-4FD0A21A57DF}.Debug|Any CPU.Build.0 = Debug|Any CPU
		{D90240B6-5F12-4E6C-B024-4FD0A21A57DF}.Release|Any CPU.ActiveCfg = Release|Any CPU
		{D90240B6-5F12-4E6C-B024-4FD0A21A57DF}.Release|Any CPU.Build.0 = Release|Any CPU
		{963BCD8C-CC45-46D5-834B-3B85D7432839}.Debug|Any CPU.ActiveCfg = Debug|Any CPU
		{963BCD8C-CC45-46D5-834B-3B85D7432839}.Debug|Any CPU.Build.0 = Debug|Any CPU
		{963BCD8C-CC45-46D5-834B-3B85D7432839}.Release|Any CPU.ActiveCfg = Release|Any CPU
		{963BCD8C-CC45-46D5-834B-3B85D7432839}.Release|Any CPU.Build.0 = Release|Any CPU
		{C4748DDA-AA64-4285-B978-B25E800663B8}.Debug|Any CPU.ActiveCfg = Debug|Any CPU
		{C4748DDA-AA64-4285-B978-B25E800663B8}.Debug|Any CPU.Build.0 = Debug|Any CPU
		{C4748DDA-AA64-4285-B978-B25E800663B8}.Release|Any CPU.ActiveCfg = Release|Any CPU
		{C4748DDA-AA64-4285-B978-B25E800663B8}.Release|Any CPU.Build.0 = Release|Any CPU
	EndGlobalSection
	GlobalSection(SolutionProperties) = preSolution
		HideSolutionNode = FALSE
	EndGlobalSection
	GlobalSection(ExtensibilityGlobals) = postSolution
		SolutionGuid = {CE0D452E-DE12-4076-B441-DFA431BFC860}
	EndGlobalSection
EndGlobal
