
Microsoft Visual Studio Solution File, Format Version 12.00
# Visual Studio 15
VisualStudioVersion = 15.0.27004.2005
MinimumVisualStudioVersion = 10.0.40219.1
Project("{9A19103F-16F7-4668-BE54-9A1E7A4F7556}") = "iPromo.Web", "iPromo.Web\iPromo.Web.csproj", "{46A923B5-4ECC-4613-9635-F50214748353}"
EndProject
Project("{FAE04EC0-301F-11D3-BF4B-00C04F79EFBC}") = "iPromo.Entities", "iPromo.Entities\iPromo.Entities.csproj", "{B46BABB1-5003-4DC6-9DF3-55DDBD44F7F2}"
EndProject
Project("{FAE04EC0-301F-11D3-BF4B-00C04F79EFBC}") = "iPromo.Business", "iPromo.Business\iPromo.Business.csproj", "{3482B91A-00CE-445C-9B31-1ACCB8749BDB}"
EndProject
Global
	GlobalSection(SolutionConfigurationPlatforms) = preSolution
		Debug|Any CPU = Debug|Any CPU
		Release|Any CPU = Release|Any CPU
	EndGlobalSection
	GlobalSection(ProjectConfigurationPlatforms) = postSolution
		{46A923B5-4ECC-4613-9635-F50214748353}.Debug|Any CPU.ActiveCfg = Debug|Any CPU
		{46A923B5-4ECC-4613-9635-F50214748353}.Debug|Any CPU.Build.0 = Debug|Any CPU
		{46A923B5-4ECC-4613-9635-F50214748353}.Release|Any CPU.ActiveCfg = Release|Any CPU
		{46A923B5-4ECC-4613-9635-F50214748353}.Release|Any CPU.Build.0 = Release|Any CPU
		{B46BABB1-5003-4DC6-9DF3-55DDBD44F7F2}.Debug|Any CPU.ActiveCfg = Debug|Any CPU
		{B46BABB1-5003-4DC6-9DF3-55DDBD44F7F2}.Debug|Any CPU.Build.0 = Debug|Any CPU
		{B46BABB1-5003-4DC6-9DF3-55DDBD44F7F2}.Release|Any CPU.ActiveCfg = Release|Any CPU
		{B46BABB1-5003-4DC6-9DF3-55DDBD44F7F2}.Release|Any CPU.Build.0 = Release|Any CPU
		{3482B91A-00CE-445C-9B31-1ACCB8749BDB}.Debug|Any CPU.ActiveCfg = Debug|Any CPU
		{3482B91A-00CE-445C-9B31-1ACCB8749BDB}.Debug|Any CPU.Build.0 = Debug|Any CPU
		{3482B91A-00CE-445C-9B31-1ACCB8749BDB}.Release|Any CPU.ActiveCfg = Release|Any CPU
		{3482B91A-00CE-445C-9B31-1ACCB8749BDB}.Release|Any CPU.Build.0 = Release|Any CPU
	EndGlobalSection
	GlobalSection(SolutionProperties) = preSolution
		HideSolutionNode = FALSE
	EndGlobalSection
	GlobalSection(ExtensibilityGlobals) = postSolution
		SolutionGuid = {0D7ECE1F-AAE7-459A-A5E4-2B255E4E6AE1}
	EndGlobalSection
EndGlobal
